
Microsoft Visual Studio Solution File, Format Version 12.00
# Visual Studio Version 16
VisualStudioVersion = 16.0.30128.74
MinimumVisualStudioVersion = 10.0.40219.1
Project("{8BC9CEB8-8B4A-11D0-8D11-00A0C91BC942}") = "Task-1", "Task-1\Task-1.vcxproj", "{43364194-35F5-4CAB-928B-BFA01C7B082F}"
EndProject
Project("{8BC9CEB8-8B4A-11D0-8D11-00A0C91BC942}") = "Task-2", "Task-2\Task-2.vcxproj", "{0EEB4A00-1E9F-49CA-837A-432C1693F1F7}"
EndProject
Project("{8BC9CEB8-8B4A-11D0-8D11-00A0C91BC942}") = "Task-3", "Task-3\Task-3.vcxproj", "{D94F0B28-F50D-4532-A16B-0C262DCC2E81}"
EndProject
Project("{8BC9CEB8-8B4A-11D0-8D11-00A0C91BC942}") = "Part1", "Part1\Part1.vcxproj", "{B6C7AA43-DC67-4EC8-A9B8-4723068B87EF}"
EndProject
Project("{8BC9CEB8-8B4A-11D0-8D11-00A0C91BC942}") = "Part2", "Part2\Part2.vcxproj", "{FB462F0B-6A88-47D7-AD94-F12C870201F1}"
EndProject
Project("{8BC9CEB8-8B4A-11D0-8D11-00A0C91BC942}") = "Part3", "Project1\Project1.vcxproj", "{6EB5799F-F833-4536-A752-D347CD992DC0}"
EndProject
Project("{8BC9CEB8-8B4A-11D0-8D11-00A0C91BC942}") = "Part4", "Part4\Part4.vcxproj", "{AA4B86B0-9D9F-47F9-A977-ACE31B5F16C9}"
EndProject
Project("{8BC9CEB8-8B4A-11D0-8D11-00A0C91BC942}") = "Part5", "Part5\Part5.vcxproj", "{C2FC9534-FD01-468A-A125-06D8733E5DDF}"
EndProject
Project("{8BC9CEB8-8B4A-11D0-8D11-00A0C91BC942}") = "Part6", "Part6\Part6.vcxproj", "{4EA0877D-AF0D-4976-BF3A-FDB6E2D6A9EF}"
EndProject
Global
	GlobalSection(SolutionConfigurationPlatforms) = preSolution
		Debug|x64 = Debug|x64
		Debug|x86 = Debug|x86
		Release|x64 = Release|x64
		Release|x86 = Release|x86
	EndGlobalSection
	GlobalSection(ProjectConfigurationPlatforms) = postSolution
		{43364194-35F5-4CAB-928B-BFA01C7B082F}.Debug|x64.ActiveCfg = Debug|x64
		{43364194-35F5-4CAB-928B-BFA01C7B082F}.Debug|x64.Build.0 = Debug|x64
		{43364194-35F5-4CAB-928B-BFA01C7B082F}.Debug|x86.ActiveCfg = Debug|Win32
		{43364194-35F5-4CAB-928B-BFA01C7B082F}.Debug|x86.Build.0 = Debug|Win32
		{43364194-35F5-4CAB-928B-BFA01C7B082F}.Release|x64.ActiveCfg = Release|x64
		{43364194-35F5-4CAB-928B-BFA01C7B082F}.Release|x64.Build.0 = Release|x64
		{43364194-35F5-4CAB-928B-BFA01C7B082F}.Release|x86.ActiveCfg = Release|Win32
		{43364194-35F5-4CAB-928B-BFA01C7B082F}.Release|x86.Build.0 = Release|Win32
		{0EEB4A00-1E9F-49CA-837A-432C1693F1F7}.Debug|x64.ActiveCfg = Debug|x64
		{0EEB4A00-1E9F-49CA-837A-432C1693F1F7}.Debug|x64.Build.0 = Debug|x64
		{0EEB4A00-1E9F-49CA-837A-432C1693F1F7}.Debug|x86.ActiveCfg = Debug|Win32
		{0EEB4A00-1E9F-49CA-837A-432C1693F1F7}.Debug|x86.Build.0 = Debug|Win32
		{0EEB4A00-1E9F-49CA-837A-432C1693F1F7}.Release|x64.ActiveCfg = Release|x64
		{0EEB4A00-1E9F-49CA-837A-432C1693F1F7}.Release|x64.Build.0 = Release|x64
		{0EEB4A00-1E9F-49CA-837A-432C1693F1F7}.Release|x86.ActiveCfg = Release|Win32
		{0EEB4A00-1E9F-49CA-837A-432C1693F1F7}.Release|x86.Build.0 = Release|Win32
		{D94F0B28-F50D-4532-A16B-0C262DCC2E81}.Debug|x64.ActiveCfg = Debug|x64
		{D94F0B28-F50D-4532-A16B-0C262DCC2E81}.Debug|x64.Build.0 = Debug|x64
		{D94F0B28-F50D-4532-A16B-0C262DCC2E81}.Debug|x86.ActiveCfg = Debug|Win32
		{D94F0B28-F50D-4532-A16B-0C262DCC2E81}.Debug|x86.Build.0 = Debug|Win32
		{D94F0B28-F50D-4532-A16B-0C262DCC2E81}.Release|x64.ActiveCfg = Release|x64
		{D94F0B28-F50D-4532-A16B-0C262DCC2E81}.Release|x64.Build.0 = Release|x64
		{D94F0B28-F50D-4532-A16B-0C262DCC2E81}.Release|x86.ActiveCfg = Release|Win32
		{D94F0B28-F50D-4532-A16B-0C262DCC2E81}.Release|x86.Build.0 = Release|Win32
		{B6C7AA43-DC67-4EC8-A9B8-4723068B87EF}.Debug|x64.ActiveCfg = Debug|x64
		{B6C7AA43-DC67-4EC8-A9B8-4723068B87EF}.Debug|x64.Build.0 = Debug|x64
		{B6C7AA43-DC67-4EC8-A9B8-4723068B87EF}.Debug|x86.ActiveCfg = Debug|Win32
		{B6C7AA43-DC67-4EC8-A9B8-4723068B87EF}.Debug|x86.Build.0 = Debug|Win32
		{B6C7AA43-DC67-4EC8-A9B8-4723068B87EF}.Release|x64.ActiveCfg = Release|x64
		{B6C7AA43-DC67-4EC8-A9B8-4723068B87EF}.Release|x64.Build.0 = Release|x64
		{B6C7AA43-DC67-4EC8-A9B8-4723068B87EF}.Release|x86.ActiveCfg = Release|Win32
		{B6C7AA43-DC67-4EC8-A9B8-4723068B87EF}.Release|x86.Build.0 = Release|Win32
		{FB462F0B-6A88-47D7-AD94-F12C870201F1}.Debug|x64.ActiveCfg = Debug|x64
		{FB462F0B-6A88-47D7-AD94-F12C870201F1}.Debug|x64.Build.0 = Debug|x64
		{FB462F0B-6A88-47D7-AD94-F12C870201F1}.Debug|x86.ActiveCfg = Debug|Win32
		{FB462F0B-6A88-47D7-AD94-F12C870201F1}.Debug|x86.Build.0 = Debug|Win32
		{FB462F0B-6A88-47D7-AD94-F12C870201F1}.Release|x64.ActiveCfg = Release|x64
		{FB462F0B-6A88-47D7-AD94-F12C870201F1}.Release|x64.Build.0 = Release|x64
		{FB462F0B-6A88-47D7-AD94-F12C870201F1}.Release|x86.ActiveCfg = Release|Win32
		{FB462F0B-6A88-47D7-AD94-F12C870201F1}.Release|x86.Build.0 = Release|Win32
		{6EB5799F-F833-4536-A752-D347CD992DC0}.Debug|x64.ActiveCfg = Debug|x64
		{6EB5799F-F833-4536-A752-D347CD992DC0}.Debug|x64.Build.0 = Debug|x64
		{6EB5799F-F833-4536-A752-D347CD992DC0}.Debug|x86.ActiveCfg = Debug|Win32
		{6EB5799F-F833-4536-A752-D347CD992DC0}.Debug|x86.Build.0 = Debug|Win32
		{6EB5799F-F833-4536-A752-D347CD992DC0}.Release|x64.ActiveCfg = Release|x64
		{6EB5799F-F833-4536-A752-D347CD992DC0}.Release|x64.Build.0 = Release|x64
		{6EB5799F-F833-4536-A752-D347CD992DC0}.Release|x86.ActiveCfg = Release|Win32
		{6EB5799F-F833-4536-A752-D347CD992DC0}.Release|x86.Build.0 = Release|Win32
		{AA4B86B0-9D9F-47F9-A977-ACE31B5F16C9}.Debug|x64.ActiveCfg = Debug|x64
		{AA4B86B0-9D9F-47F9-A977-ACE31B5F16C9}.Debug|x64.Build.0 = Debug|x64
		{AA4B86B0-9D9F-47F9-A977-ACE31B5F16C9}.Debug|x86.ActiveCfg = Debug|Win32
		{AA4B86B0-9D9F-47F9-A977-ACE31B5F16C9}.Debug|x86.Build.0 = Debug|Win32
		{AA4B86B0-9D9F-47F9-A977-ACE31B5F16C9}.Release|x64.ActiveCfg = Release|x64
		{AA4B86B0-9D9F-47F9-A977-ACE31B5F16C9}.Release|x64.Build.0 = Release|x64
		{AA4B86B0-9D9F-47F9-A977-ACE31B5F16C9}.Release|x86.ActiveCfg = Release|Win32
		{AA4B86B0-9D9F-47F9-A977-ACE31B5F16C9}.Release|x86.Build.0 = Release|Win32
		{C2FC9534-FD01-468A-A125-06D8733E5DDF}.Debug|x64.ActiveCfg = Debug|x64
		{C2FC9534-FD01-468A-A125-06D8733E5DDF}.Debug|x64.Build.0 = Debug|x64
		{C2FC9534-FD01-468A-A125-06D8733E5DDF}.Debug|x86.ActiveCfg = Debug|Win32
		{C2FC9534-FD01-468A-A125-06D8733E5DDF}.Debug|x86.Build.0 = Debug|Win32
		{C2FC9534-FD01-468A-A125-06D8733E5DDF}.Release|x64.ActiveCfg = Release|x64
		{C2FC9534-FD01-468A-A125-06D8733E5DDF}.Release|x64.Build.0 = Release|x64
		{C2FC9534-FD01-468A-A125-06D8733E5DDF}.Release|x86.ActiveCfg = Release|Win32
		{C2FC9534-FD01-468A-A125-06D8733E5DDF}.Release|x86.Build.0 = Release|Win32
		{4EA0877D-AF0D-4976-BF3A-FDB6E2D6A9EF}.Debug|x64.ActiveCfg = Debug|x64
		{4EA0877D-AF0D-4976-BF3A-FDB6E2D6A9EF}.Debug|x64.Build.0 = Debug|x64
		{4EA0877D-AF0D-4976-BF3A-FDB6E2D6A9EF}.Debug|x86.ActiveCfg = Debug|Win32
		{4EA0877D-AF0D-4976-BF3A-FDB6E2D6A9EF}.Debug|x86.Build.0 = Debug|Win32
		{4EA0877D-AF0D-4976-BF3A-FDB6E2D6A9EF}.Release|x64.ActiveCfg = Release|x64
		{4EA0877D-AF0D-4976-BF3A-FDB6E2D6A9EF}.Release|x64.Build.0 = Release|x64
		{4EA0877D-AF0D-4976-BF3A-FDB6E2D6A9EF}.Release|x86.ActiveCfg = Release|Win32
		{4EA0877D-AF0D-4976-BF3A-FDB6E2D6A9EF}.Release|x86.Build.0 = Release|Win32
	EndGlobalSection
	GlobalSection(SolutionProperties) = preSolution
		HideSolutionNode = FALSE
	EndGlobalSection
	GlobalSection(ExtensibilityGlobals) = postSolution
		SolutionGuid = {551C1F20-8BC7-4B07-84E1-BE440B393A22}
	EndGlobalSection
EndGlobal
