
Microsoft Visual Studio Solution File, Format Version 12.00
# Visual Studio Version 16
VisualStudioVersion = 16.0.30128.74
MinimumVisualStudioVersion = 10.0.40219.1
Project("{8BC9CEB8-8B4A-11D0-8D11-00A0C91BC942}") = "Project1-Incapsulation", "Project1\Project1.vcxproj", "{D38DFC91-CD44-4202-9623-3846D416F3C2}"
EndProject
Project("{8BC9CEB8-8B4A-11D0-8D11-00A0C91BC942}") = "Project2-Inheritance", "Project2\Project2.vcxproj", "{3F44D1F9-2713-4A86-A914-86C415DB3E16}"
EndProject
Project("{8BC9CEB8-8B4A-11D0-8D11-00A0C91BC942}") = "Project3-Polymorphism", "Project3-Polymorphism\Project3-Polymorphism.vcxproj", "{008A763C-B785-49B4-B9F4-0816DCC6A3F7}"
EndProject
Global
	GlobalSection(SolutionConfigurationPlatforms) = preSolution
		Debug|x64 = Debug|x64
		Debug|x86 = Debug|x86
		Release|x64 = Release|x64
		Release|x86 = Release|x86
	EndGlobalSection
	GlobalSection(ProjectConfigurationPlatforms) = postSolution
		{D38DFC91-CD44-4202-9623-3846D416F3C2}.Debug|x64.ActiveCfg = Debug|x64
		{D38DFC91-CD44-4202-9623-3846D416F3C2}.Debug|x64.Build.0 = Debug|x64
		{D38DFC91-CD44-4202-9623-3846D416F3C2}.Debug|x86.ActiveCfg = Debug|Win32
		{D38DFC91-CD44-4202-9623-3846D416F3C2}.Debug|x86.Build.0 = Debug|Win32
		{D38DFC91-CD44-4202-9623-3846D416F3C2}.Release|x64.ActiveCfg = Release|x64
		{D38DFC91-CD44-4202-9623-3846D416F3C2}.Release|x64.Build.0 = Release|x64
		{D38DFC91-CD44-4202-9623-3846D416F3C2}.Release|x86.ActiveCfg = Release|Win32
		{D38DFC91-CD44-4202-9623-3846D416F3C2}.Release|x86.Build.0 = Release|Win32
		{3F44D1F9-2713-4A86-A914-86C415DB3E16}.Debug|x64.ActiveCfg = Debug|x64
		{3F44D1F9-2713-4A86-A914-86C415DB3E16}.Debug|x64.Build.0 = Debug|x64
		{3F44D1F9-2713-4A86-A914-86C415DB3E16}.Debug|x86.ActiveCfg = Debug|Win32
		{3F44D1F9-2713-4A86-A914-86C415DB3E16}.Debug|x86.Build.0 = Debug|Win32
		{3F44D1F9-2713-4A86-A914-86C415DB3E16}.Release|x64.ActiveCfg = Release|x64
		{3F44D1F9-2713-4A86-A914-86C415DB3E16}.Release|x64.Build.0 = Release|x64
		{3F44D1F9-2713-4A86-A914-86C415DB3E16}.Release|x86.ActiveCfg = Release|Win32
		{3F44D1F9-2713-4A86-A914-86C415DB3E16}.Release|x86.Build.0 = Release|Win32
		{008A763C-B785-49B4-B9F4-0816DCC6A3F7}.Debug|x64.ActiveCfg = Debug|x64
		{008A763C-B785-49B4-B9F4-0816DCC6A3F7}.Debug|x64.Build.0 = Debug|x64
		{008A763C-B785-49B4-B9F4-0816DCC6A3F7}.Debug|x86.ActiveCfg = Debug|Win32
		{008A763C-B785-49B4-B9F4-0816DCC6A3F7}.Debug|x86.Build.0 = Debug|Win32
		{008A763C-B785-49B4-B9F4-0816DCC6A3F7}.Release|x64.ActiveCfg = Release|x64
		{008A763C-B785-49B4-B9F4-0816DCC6A3F7}.Release|x64.Build.0 = Release|x64
		{008A763C-B785-49B4-B9F4-0816DCC6A3F7}.Release|x86.ActiveCfg = Release|Win32
		{008A763C-B785-49B4-B9F4-0816DCC6A3F7}.Release|x86.Build.0 = Release|Win32
	EndGlobalSection
	GlobalSection(SolutionProperties) = preSolution
		HideSolutionNode = FALSE
	EndGlobalSection
	GlobalSection(ExtensibilityGlobals) = postSolution
		SolutionGuid = {C2028C46-F366-4A02-B0EE-9DC7A8BAF51F}
	EndGlobalSection
EndGlobal
